github.com/BurntSushi/toml v0.3.1/go.mod h1:xHWCNGjB5oqiDr8zfno3MHue2Ht5sIBksp03qcyfWMU=
github.com/Sectorbob/mlab-ns2 v0.0.0-20171030222938-d3aa0c295a8a h1:KFHLI4QGttB0i7M3qOkAo8Zn/GSsxwwCnInFqBaYtkM=
github.com/Sectorbob/mlab-ns2 v0.0.0-20171030222938-d3aa0c295a8a/go.mod h1:D73UAuEPckrDorYZdtlCu2ySOLuPB5W4rhIkmmc/XbI=
github.com/avast/retry-go v2.4.2+incompatible/go.mod h1:XtSnn+n/sHqQIpZ10K1qAevBhOOCWBLXXy3hyiqqBrY=
github.com/avast/retry-go v2.4.3+incompatible h1:c/FTk2POrEQyZfaHBMkMrXdu3/6IESJUHwu8r3k1JEU=
github.com/avast/retry-go v2.4.3+incompatible/go.mod h1:XtSnn+n/sHqQIpZ10K1qAevBhOOCWBLXXy3hyiqqBrY=
github.com/aws-cloudformation/cloudformation-cli-go-plugin v0.1.2 h1:c/4QCCnn5VLToidpKeWhjIMVbnsKPOD17vQlqMVy4SA=
github.com/aws-cloudformation/cloudformation-cli-go-plugin v0.1.2/go.mod h1:HOedBKKUU19CDA2+rmd0MLEgxD/zmRUvFjV0yrCAjxI=
github.com/aws/aws-lambda-go v1.13.3 h1:SuCy7H3NLyp+1Mrfp+m80jcbi9KYWAs9/BXwppwRDzY=
github.com/aws/aws-lambda-go v1.13.3/go.mod h1:4UKl9IzQMoD+QF79YdCuzCwp8VbmG4VAQwij/eHl5CU=
github.com/aws/aws-sdk-go v1.25.37 h1:gBtB/F3dophWpsUQKN/Kni+JzYEH2mGHF4hWNtfED1w=
github.com/aws/aws-sdk-go v1.25.37/go.mod h1:KmX6BPdI08NWTb3/sm4ZGu5ShLoqVDhKgpiN924inxo=
github.com/cpuguy83/go-md2man/v2 v2.0.0-20190314233015-f79a8a8ca69d/go.mod h1:maD7wRr/U5Z6m/iR4s+kqSMx2CaBsrgA7czyZG/E6dU=
github.com/davecgh/go-spew v1.1.0/go.mod h1:J7Y8YcW2NihsgmVo/mv3lAwl/skON4iLHjSsI+c5H38=
github.com/davecgh/go-spew v1.1.1/go.mod h1:J7Y8YcW2NihsgmVo/mv3lAwl/skON4iLHjSsI+c5H38=
github.com/go-test/deep v1.0.1/go.mod h1:wGDj63lr65AM2AQyKZd/NYHGb0R+1RLqB8NKt3aSFNA=
github.com/google/go-cmp v0.3.1/go.mod h1:8QqcDgzrUqlUb/G2PQTWiueGozuR1884gddMywk6iLU=
github.com/google/go-querystring v1.0.0 h1:Xkwi/a1rcvNg1PPYe5vI8GbeBY/jrVuDX5ASuANWTrk=
github.com/google/go-querystring v1.0.0/go.mod h1:odCYkC5MyYFN7vkCjXpyrEuKhc/BUO6wN/zVPAxq5ck=
github.com/google/uuid v1.1.1 h1:Gkbcsh/GbpXz7lPftLA3P6TYMwjCLYm83jiFQZF/3gY=
github.com/google/uuid v1.1.1/go.mod h1:TIyPZe4MgqvfeYDBFedMoGGpEw/LqOeaOT+nhxU+yHo=
github.com/jmespath/go-jmespath v0.0.0-20180206201540-c2b33e8439af h1:pmfjZENx5imkbgOkpRUYLnmbU7UEFbjtDA2hxJ1ichM=
github.com/jmespath/go-jmespath v0.0.0-20180206201540-c2b33e8439af/go.mod h1:Nht3zPeWKUH0NzdCt2Blrr5ys8VGpn0CEB0cQHVjt7k=
github.com/mongodb/go-client-mongodb-atlas v0.1.1/go.mod h1:LS8O0YLkA+sbtOb3fZLF10yY3tJM+1xATXMJ3oU35LU=
github.com/mongodb/go-client-mongodb-atlas v0.1.2 h1:qmUme1TlQBPZupmXMnpD8DxnfGXLVGs3w+0Z17HBiSA=
github.com/mongodb/go-client-mongodb-atlas v0.1.2/go.mod h1:LS8O0YLkA+sbtOb3fZLF10yY3tJM+1xATXMJ3oU35LU=
github.com/mongodb/mongodbatlas-cloudformation-resources v0.0.0-20191216170957-9ed76c4b7935 h1:YMxeIcdI4jxtjwasUCDZRqJkZx71VkzIgTf2ZPr8nss=
github.com/mongodb/mongodbatlas-cloudformation-resources v0.0.0-20191216170957-9ed76c4b7935/go.mod h1:N2xuVlfL8UkTdQHyphVXfFZC8fXOO6fGNHeD79vCHVI=
github.com/mwielbut/pointy v1.1.0 h1:U5/YEfoIkaGCHv0St3CgjduqXID4FNRoyZgLM1kY9vg=
github.com/mwielbut/pointy v1.1.0/go.mod h1:MvvO+uMFj9T5DMda33HlvogsFBX7pWWKAkFIn4teYwY=
github.com/pmezard/go-difflib v1.0.0/go.mod h1:iKH77koFhYxTK1pcRnkKkqfTogsbg7gZNVY4sRDYZ/4=
github.com/russross/blackfriday/v2 v2.0.1/go.mod h1:+Rmxgy9KzJVeS9/2gXHxylqXiyQDYRxCVz55jmeOWTM=
github.com/segmentio/ksuid v1.0.2 h1:9yBfKyw4ECGTdALaF09Snw3sLJmYIX6AbPJrAy6MrDc=
github.com/segmentio/ksuid v1.0.2/go.mod h1:BXuJDr2byAiHuQaQtSKoXh1J0YmUDurywOXgB2w+OSU=
github.com/shurcooL/sanitized_anchor_name v1.0.0/go.mod h1:1NzhyTcUVG4SuEtjjoZeVRXNmyL/1OwPU0+IJeTBvfc=
github.com/stretchr/objx v0.1.0/go.mod h1:HFkY916IF+rwdDfMAkV7OtwuqBVzrE8GR6GFx+wExME=
github.com/stretchr/testify v1.2.2/go.mod h1:a8OnRcib4nhh0OaRAV+Yts87kKdq0PP7pXfy6kDkUVs=
github.com/stretchr/testify v1.4.0/go.mod h1:j7eGeouHqKxXV5pUuKE4zz7dFj8WfuZ+81PSLYec5m4=
github.com/urfave/cli v1.22.1/go.mod h1:Gos4lmkARVdJ6EkW0WaNv/tZAAMe9V7XWyB60NtXRu0=
golang.org/x/crypto v0.0.0-20190308221718-c2843e01d9a2/go.mod h1:djNgcEr1/C05ACkg1iLfiJU5Ep61QUkGW8qpdssI0+w=
golang.org/x/net v0.0.0-20191119073136-fc4aabc6c914/go.mod h1:z5CRVTTTmAJ677TzLLGU+0bjPO0LkuOLi4/5GtJWs/s=
golang.org/x/sys v0.0.0-20190215142949-d0b11bdaac8a/go.mod h1:STP8DvDyc/dI5b8T5hshtkjS+E42TnysNCUPdjciGhY=
golang.org/x/text v0.3.0/go.mod h1:NqM8EUOU14njkJ3fqMW+pc6Ldnwhi/IjpwHt7yyuwOQ=
gopkg.in/check.v1 v0.0.0-20161208181325-20d25e280405/go.mod h1:Co6ibVJAznAaIkqp8huTwlJQCZ016jof/cbN4VW5Yz0=
gopkg.in/validator.v2 v2.0.0-20191107172027-c3144fdedc21 h1:2QQcyaEBdpfjjYkF0MXc69jZbHb4IOYuXz2UwsmVM8k=
gopkg.in/validator.v2 v2.0.0-20191107172027-c3144fdedc21/go.mod h1:o4V0GXN9/CAmCsvJ0oXYZvrZOe7syiDZSN1GWGZTGzc=
gopkg.in/yaml.v2 v2.2.2/go.mod h1:hI93XBmqTisBFMUTm0b8Fm+jr3Dg1NNxqwp+5A1VGuI=
